
Microsoft Visual Studio Solution File, Format Version 12.00
# Visual Studio Version 16
VisualStudioVersion = 16.0.30717.126
MinimumVisualStudioVersion = 10.0.40219.1
Project("{FAE04EC0-301F-11D3-BF4B-00C04F79EFBC}") = "Mastermind", "Mastermind\Mastermind.csproj", "{F5BB30D4-6B84-47F5-BDA5-1246AEC39E34}"
EndProject
Global
	GlobalSection(SolutionConfigurationPlatforms) = preSolution
		Debug|Any CPU = Debug|Any CPU
		Release|Any CPU = Release|Any CPU
	EndGlobalSection
	GlobalSection(ProjectConfigurationPlatforms) = postSolution
		{F5BB30D4-6B84-47F5-BDA5-1246AEC39E34}.Debug|Any CPU.ActiveCfg = Debug|Any CPU
		{F5BB30D4-6B84-47F5-BDA5-1246AEC39E34}.Debug|Any CPU.Build.0 = Debug|Any CPU
		{F5BB30D4-6B84-47F5-BDA5-1246AEC39E34}.Release|Any CPU.ActiveCfg = Release|Any CPU
		{F5BB30D4-6B84-47F5-BDA5-1246AEC39E34}.Release|Any CPU.Build.0 = Release|Any CPU
	EndGlobalSection
	GlobalSection(SolutionProperties) = preSolution
		HideSolutionNode = FALSE
	EndGlobalSection
	GlobalSection(ExtensibilityGlobals) = postSolution
		SolutionGuid = {14A6BC46-5F78-4F1F-B54B-0450DA89A794}
	EndGlobalSection
EndGlobal
